# Generated by pub
# See https://dart.dev/tools/pub/glossary#lockfile
packages:
  chitose:
    dependency: "direct dev"
    description:
      name: chitose
      url: "https://pub.dartlang.org"
    source: hosted
    version: "1.1.0"
  clock:
    dependency: transitive
    description:
      name: clock
      url: "https://pub.dartlang.org"
    source: hosted
    version: "1.1.0"
  collection:
    dependency: transitive
    description:
      name: collection
      url: "https://pub.dartlang.org"
    source: hosted
    version: "1.15.0"
  intl:
    dependency: "direct dev"
    description:
      name: intl
      url: "https://pub.dartlang.org"
    source: hosted
    version: "0.17.0"
  number_display:
    dependency: "direct dev"
    description:
      name: number_display
      url: "https://pub.dartlang.org"
    source: hosted
    version: "3.0.0"
  numeral:
    dependency: "direct dev"
    description:
      name: numeral
      url: "https://pub.dartlang.org"
    source: hosted
    version: "1.2.4"
  path:
    dependency: transitive
    description:
      name: path
      url: "https://pub.dartlang.org"
    source: hosted
    version: "1.8.0"
  pedantic:
    dependency: "direct dev"
    description:
      name: pedantic
      url: "https://pub.dartlang.org"
    source: hosted
    version: "1.11.1"
  trotter:
    dependency: "direct dev"
    description:
      name: trotter
      url: "https://pub.dartlang.org"
    source: hosted
    version: "1.2.0"
sdks:
  dart: ">=2.13.0 <3.0.0"
